<?xml version="1.0" encoding="utf-8"?>
<Project ToolsVersion="4.0" xmlns="http://schemas.microsoft.com/developer/msbuild/2003">
  <ItemGroup>
    <Filter Include="Windows">
      <UniqueIdentifier>{4175d970-aec2-4182-8d0b-4fc849b6d1a5}</UniqueIdentifier>
    </Filter>
    <Filter Include="Windows\헤더 파일">
      <UniqueIdentifier>{93995380-89BD-4b04-88EB-625FBE52EBFB}</UniqueIdentifier>
      <Extensions>h;hh;hpp;hxx;h++;hm;inl;inc;ipp;xsd</Extensions>
    </Filter>
    <Filter Include="Engine">
      <UniqueIdentifier>{d5413c51-5c9a-4503-a055-0983af252a52}</UniqueIdentifier>
    </Filter>
    <Filter Include="Engine\Common">
      <UniqueIdentifier>{b3552554-20ee-4876-9542-18a8a16e1dbf}</UniqueIdentifier>
    </Filter>
    <Filter Include="Engine\Math">
      <UniqueIdentifier>{b85e08a4-d752-41a5-81af-9c0cf21d71e7}</UniqueIdentifier>
    </Filter>
    <Filter Include="Windows\소스 파일">
      <UniqueIdentifier>{4FC737F1-C7A5-4376-A066-2A32D752A2FF}</UniqueIdentifier>
      <Extensions>cpp;c;cc;cxx;c++;cppm;ixx;def;odl;idl;hpj;bat;asm;asmx</Extensions>
    </Filter>
    <Filter Include="리소스 파일">
      <UniqueIdentifier>{67DA6AB6-F800-4c08-8B7A-83BB121AAD01}</UniqueIdentifier>
      <Extensions>rc;ico;cur;bmp;dlg;rc2;rct;bin;rgs;gif;jpg;jpeg;jpe;resx;tiff;tif;png;wav;mfcribbon-ms</Extensions>
    </Filter>
    <Filter Include="Engine\Abstracts">
      <UniqueIdentifier>{4d369acf-a118-4ff7-bb08-ecd8273086a8}</UniqueIdentifier>
    </Filter>
    <Filter Include="Characters">
      <UniqueIdentifier>{a4d27f8e-3247-4400-a82f-1ff59c738af7}</UniqueIdentifier>
    </Filter>
    <Filter Include="Object">
      <UniqueIdentifier>{538739f4-e968-4386-a1d5-ca1cb6372b46}</UniqueIdentifier>
    </Filter>
    <Filter Include="Projectiles">
      <UniqueIdentifier>{c9b92583-e37a-48dd-b96c-578df772820d}</UniqueIdentifier>
    </Filter>
    <Filter Include="Engine\Objects">
      <UniqueIdentifier>{e94f1ec7-ea00-4806-ba17-66d23305d819}</UniqueIdentifier>
    </Filter>
    <Filter Include="Scene">
      <UniqueIdentifier>{b4d67fe7-c618-4c1d-b389-f0f443130bbf}</UniqueIdentifier>
    </Filter>
    <Filter Include="Engine\Resource">
      <UniqueIdentifier>{67164768-64d4-4ec6-a330-756e252d4f33}</UniqueIdentifier>
    </Filter>
  </ItemGroup>
  <ItemGroup>
    <ClInclude Include="framework.h">
      <Filter>Windows\헤더 파일</Filter>
    </ClInclude>
    <ClInclude Include="targetver.h">
      <Filter>Windows\헤더 파일</Filter>
    </ClInclude>
    <ClInclude Include="Client.h">
      <Filter>Windows\헤더 파일</Filter>
    </ClInclude>
    <ClInclude Include="common.h">
      <Filter>Engine\Common</Filter>
    </ClInclude>
    <ClInclude Include="math.h">
      <Filter>Engine\Math</Filter>
    </ClInclude>
    <ClInclude Include="vector2.hpp">
      <Filter>Engine\Math</Filter>
    </ClInclude>
    <ClInclude Include="input.hpp">
      <Filter>Engine\Common</Filter>
    </ClInclude>
    <ClInclude Include="manager.hpp">
      <Filter>Windows\헤더 파일</Filter>
    </ClInclude>
    <ClInclude Include="titleScene.h">
      <Filter>Scene</Filter>
    </ClInclude>
    <ClInclude Include="BattleScene.h">
      <Filter>Scene</Filter>
    </ClInclude>
    <ClInclude Include="ground.hpp">
      <Filter>Object</Filter>
    </ClInclude>
    <ClInclude Include="flower.hpp">
      <Filter>Object</Filter>
    </ClInclude>
    <ClInclude Include="debug.hpp">
      <Filter>Engine\Common</Filter>
    </ClInclude>
    <ClInclude Include="rigidBody.hpp">
      <Filter>Engine\Abstracts</Filter>
    </ClInclude>
    <ClInclude Include="character.hpp">
      <Filter>Engine\Objects</Filter>
    </ClInclude>
    <ClInclude Include="projectile.hpp">
      <Filter>Engine\Objects</Filter>
    </ClInclude>
    <ClInclude Include="difficulty.hpp">
      <Filter>Windows\헤더 파일</Filter>
    </ClInclude>
    <ClInclude Include="sound.hpp">
      <Filter>Windows\헤더 파일</Filter>
    </ClInclude>
    <ClInclude Include="ImageWrapper.hpp">
      <Filter>Engine\Resource</Filter>
    </ClInclude>
    <ClInclude Include="scene.hpp">
      <Filter>Engine\Abstracts</Filter>
    </ClInclude>
    <ClInclude Include="layer.hpp">
      <Filter>Engine\Abstracts</Filter>
    </ClInclude>
    <ClInclude Include="camera.hpp">
      <Filter>Engine\Common</Filter>
    </ClInclude>
    <ClInclude Include="BulletinBoardScene.h">
      <Filter>Scene</Filter>
    </ClInclude>
    <ClInclude Include="RoomScene.h">
      <Filter>Scene</Filter>
    </ClInclude>
    <ClInclude Include="LobbyScene.h">
      <Filter>Scene</Filter>
    </ClInclude>
    <ClInclude Include="Resource.h">
      <Filter>Windows\헤더 파일</Filter>
    </ClInclude>
    <ClInclude Include="resource.hpp">
      <Filter>Engine\Resource</Filter>
    </ClInclude>
    <ClInclude Include="LoadingScene.h">
      <Filter>Scene</Filter>
    </ClInclude>
  </ItemGroup>
  <ItemGroup>
    <ClCompile Include="winmain.cpp">
      <Filter>Windows\소스 파일</Filter>
    </ClCompile>
    <ClCompile Include="application.h">
      <Filter>Engine</Filter>
    </ClCompile>
    <ClCompile Include="application.cpp">
      <Filter>Engine</Filter>
    </ClCompile>
    <ClCompile Include="deltatime.hpp">
      <Filter>Engine\Common</Filter>
    </ClCompile>
    <ClCompile Include="sceneManager.hpp">
      <Filter>Scene</Filter>
    </ClCompile>
    <ClCompile Include="BattleScene.cpp">
      <Filter>Scene</Filter>
    </ClCompile>
    <ClCompile Include="titleScene.cpp">
      <Filter>Scene</Filter>
    </ClCompile>
    <ClCompile Include="winapihandles.hpp">
      <Filter>Engine\Common</Filter>
    </ClCompile>
    <ClCompile Include="entity.hpp">
      <Filter>Engine\Abstracts</Filter>
    </ClCompile>
    <ClCompile Include="object.hpp">
      <Filter>Engine\Abstracts</Filter>
    </ClCompile>
    <ClCompile Include="character.cpp">
      <Filter>Engine\Objects</Filter>
    </ClCompile>
    <ClCompile Include="projectile.cpp">
      <Filter>Engine\Objects</Filter>
    </ClCompile>
    <ClCompile Include="MissileProjectile.hpp">
      <Filter>Projectiles</Filter>
    </ClCompile>
    <ClCompile Include="shootEstimation.cpp">
      <Filter>Windows\소스 파일</Filter>
    </ClCompile>
    <ClCompile Include="resourceManager.hpp">
      <Filter>Engine\Resource</Filter>
    </ClCompile>
    <ClCompile Include="MissileCharacter.hpp">
      <Filter>Characters</Filter>
    </ClCompile>
    <ClCompile Include="GifWrapper.hpp">
      <Filter>Engine\Resource</Filter>
    </ClCompile>
    <ClCompile Include="BulletinBoardScene.cpp">
      <Filter>Scene</Filter>
    </ClCompile>
    <ClCompile Include="RoomScene.cpp">
      <Filter>Scene</Filter>
    </ClCompile>
    <ClCompile Include="LobbyScene.cpp">
      <Filter>Scene</Filter>
    </ClCompile>
    <ClCompile Include="Texture.hpp">
      <Filter>Engine\Resource</Filter>
    </ClCompile>
    <ClCompile Include="LoadingScene.cpp">
      <Filter>Scene</Filter>
    </ClCompile>
    <ClCompile Include="rigidBody.cpp">
      <Filter>Engine\Abstracts</Filter>
    </ClCompile>
    <ClCompile Include="objectManager.hpp">
      <Filter>Engine\Objects</Filter>
    </ClCompile>
    <ClCompile Include="cameraManager.hpp">
      <Filter>Engine\Common</Filter>
    </ClCompile>
    <ClCompile Include="CannonCharacter.hpp">
      <Filter>Characters</Filter>
    </ClCompile>
    <ClCompile Include="CannonProjectile.hpp">
      <Filter>Projectiles</Filter>
    </ClCompile>
    <ClCompile Include="deltatime.cpp">
      <Filter>Engine\Common</Filter>
    </ClCompile>
  </ItemGroup>
  <ItemGroup>
    <ResourceCompile Include="Client.rc">
      <Filter>리소스 파일</Filter>
    </ResourceCompile>
  </ItemGroup>
  <ItemGroup>
    <Image Include="small.ico">
      <Filter>리소스 파일</Filter>
    </Image>
    <Image Include="Client.ico">
      <Filter>리소스 파일</Filter>
    </Image>
  </ItemGroup>
</Project>